{
    "_meta": {
        "hash": {
            "sha256": "2f3e12054ad4bef1d56c1a2d45a7ad7fc25dc7f44c63e8831a61275a0bc67ca5"
        },
        "pipfile-spec": 6,
        "requires": {
            "python_version": "3.10"
        },
        "sources": [
            {
                "name": "pypi",
                "url": "https://pypi.org/simple",
                "verify_ssl": true
            }
        ]
    },
    "default": {
        "asgiref": {
            "hashes": [
                "sha256:1d2880b792ae8757289136f1db2b7b99100ce959b2aa57fd69dab783d05afac4",
                "sha256:4a29362a6acebe09bf1d6640db38c1dc3d9217c68e6f9f6204d72667fc19a424"
            ],
            "markers": "python_version >= '3.7'",
            "version": "==3.5.2"
        },
        "certifi": {
            "hashes": [
                "sha256:0d9c601124e5a6ba9712dbc60d9c53c21e34f5f641fe83002317394311bdce14",
                "sha256:90c1a32f1d68f940488354e36370f6cca89f0f106db09518524c88d6ed83f382"
            ],
            "markers": "python_version >= '3.6'",
            "version": "==2022.9.24"
        },
        "charset-normalizer": {
            "hashes": [
                "sha256:5a3d016c7c547f69d6f81fb0db9449ce888b418b5b9952cc5e6e66843e9dd845",
                "sha256:83e9a75d1911279afd89352c68b45348559d1fc0506b054b346651b5e7fee29f"
            ],
            "markers": "python_full_version >= '3.6.0'",
            "version": "==2.1.1"
        },
        "colorama": {
            "hashes": [
                "sha256:08695f5cb7ed6e0531a20572697297273c47b8cae5a63ffc6d6ed5c201be6e44",
                "sha256:4f1d9991f5acc0ca119f9d443620b77f9d6b33703e51011c16baf57afb285fc6"
            ],
            "markers": "platform_system == 'Windows'",
            "version": "==0.4.6"
        },
        "crispy-bootstrap5": {
            "hashes": [
                "sha256:0745a67199619149b7feca87dab7a45664876ed50fb582b38fd2aeb3f8a8d869",
                "sha256:f3ff1ef5cb379fe80b1b02e245008f276444098a4bdb8d855bed84c623798a85"
            ],
            "index": "pypi",
            "version": "==0.7"
        },
        "django": {
            "hashes": [
                "sha256:678bbfc8604eb246ed54e2063f0765f13b321a50526bdc8cb1f943eda7fa31f1",
                "sha256:6b1de6886cae14c7c44d188f580f8ba8da05750f544c80ae5ad43375ab293cd5"
            ],
            "index": "pypi",
            "version": "==4.1.3"
        },
        "django-admin-honeypot": {
            "hashes": [
                "sha256:88e72753f5cbda88d909292d9f3fe7741fb74a8afad083f96e86114238f9b364",
                "sha256:e18a52832b82740917737873c6f34117d15631565e9e4b7dbb9df48a29250796"
            ],
            "index": "pypi",
            "version": "==1.1.0"
        },
        "django-auto-logout": {
            "hashes": [
                "sha256:e49cfda3813ea87a9fb22166332cfabe025bf2fb349e2b4a3919c79e74b77433"
            ],
            "index": "pypi",
            "version": "==0.5.0"
        },
        "django-axes": {
            "hashes": [
                "sha256:8f039f8e98f050f13f654efca599d8a04d0b57d330c590cf89ec2bf731c9a7fb",
                "sha256:97702552f7939c81db5bba2ef855ae43f20df92fa261cb79fd4c8633ba3b3955"
            ],
            "index": "pypi",
            "version": "==5.39.0"
        },
        "django-cleanup": {
            "hashes": [
                "sha256:922e06ef8839c92bd3ab37a84db6058b8764f3fe44dbb4487bbca941d288280a",
                "sha256:997feab3b1f7a2e84f71c29e83b1d664459ec0d4b1924977b1fa25b5babb8703"
            ],
            "index": "pypi",
            "version": "==6.0.0"
        },
        "django-crispy-forms": {
            "hashes": [
                "sha256:35887b8851a931374dd697207a8f56c57a9c5cb9dbf0b9fa54314da5666cea5b",
                "sha256:bc4d2037f6de602d39c0bc452ac3029d1f5d65e88458872cc4dbc01c3a400604"
            ],
            "markers": "python_version >= '3.7'",
            "version": "==1.14.0"
        },
        "django-environ": {
            "hashes": [
                "sha256:bff5381533056328c9ac02f71790bd5bf1cea81b1beeb648f28b81c9e83e0a21",
                "sha256:f21a5ef8cc603da1870bbf9a09b7e5577ab5f6da451b843dbcc721a7bca6b3d9"
            ],
            "index": "pypi",
            "version": "==0.9.0"
        },
        "django-formtools": {
            "hashes": [
                "sha256:deb932be55b1d9419e37dc4d65dfbfeb8d307b71c8c11fd52f159aba5fc0deed",
                "sha256:f5f32f62ec8192cd1bc55bd929ca7dff5a5f2addf9027db95a5906ecfaa64836"
            ],
            "markers": "python_version >= '3.6'",
            "version": "==2.4"
        },
        "django-ipware": {
            "hashes": [
                "sha256:602a58325a4808bd19197fef2676a0b2da2df40d0ecf21be414b2ff48c72ad05",
                "sha256:878dbb06a87e25550798e9ef3204ed70a200dd8b15e47dcef848cf08244f04c9"
            ],
            "markers": "python_version >= '2.7' and python_version not in '3.0, 3.1, 3.2, 3.3, 3.4, 3.5'",
            "version": "==4.0.2"
        },
        "django-otp": {
            "hashes": [
                "sha256:0adead4aa5e34618fc4dba8ea15c71f6b3d520a6197a02a2edd6fa8b5140295c",
                "sha256:373618cdf7e0c4ad849be3b2725e58258ebfbf864548a2b2d9ae1cff2eaea322"
            ],
            "version": "==1.1.4"
        },
        "django-phonenumber-field": {
            "hashes": [
                "sha256:72a3e7a3e7493bf2a12c07a3bc77ce89813acc16592bf04d0eee3b5a452097ed",
                "sha256:a31b4f05ac0ff898661516c84940f83adb5cdcf0ae4b9b1d31bb8ad3ff345b58"
            ],
            "markers": "python_version >= '3.7'",
            "version": "==6.4.0"
        },
        "django-recaptcha": {
            "hashes": [
                "sha256:1aed69fd6ac8fd9e99e52665392ae6748f8b6339ace656fad779fe0c6c915a52",
                "sha256:253197051288923cae675d7eff91b619e3775311292a5dbaf27a8a55ffebc670"
            ],
            "index": "pypi",
            "version": "==3.0.0"
        },
        "django-two-factor-auth": {
            "extras": [
                "phonenumbers"
            ],
            "hashes": [
                "sha256:b414ef51cc84335e0049e3f98ef89ac15a09187efa381f3acd321651afae95b3",
                "sha256:d18290f02766f400537b88937df06aa0a2d6d6d37937fbfb84896c4790a9e59b"
            ],
            "index": "pypi",
            "version": "==1.14.0"
        },
        "django-widget-tweaks": {
            "hashes": [
                "sha256:9bfc5c705684754a83cc81da328b39ad1b80f32bd0f4340e2a810cbab4b0c00e",
                "sha256:fe6b17d5d595c63331f300917980db2afcf71f240ab9341b954aea8f45d25b9a"
            ],
            "index": "pypi",
            "version": "==1.4.12"
        },
        "idna": {
            "hashes": [
                "sha256:814f528e8dead7d329833b91c5faa87d60bf71824cd12a7530b5526063d02cb4",
                "sha256:90b77e79eaa3eba6de819a0c442c0b4ceefc341a7a2ab77d7562bf49f425c5c2"
            ],
            "markers": "python_version >= '3.5'",
            "version": "==3.4"
        },
        "phonenumbers": {
            "hashes": [
                "sha256:93745d7afd38e246660bb601b07deac54eeb76c8e5e43f5e83333b0383a0a1e4",
                "sha256:dbaea9e4005a976bcf18fbe2bb87cb9cd0a3f119136f04188ac412d7741cebf0"
            ],
            "version": "==8.13.0"
        },
        "pytz": {
            "hashes": [
                "sha256:222439474e9c98fced559f1709d89e6c9cbf8d79c794ff3eb9f8800064291427",
                "sha256:e89512406b793ca39f5971bc999cc538ce125c0e51c27941bef4568b460095e2"
            ],
            "index": "pypi",
            "version": "==2022.6"
        },
        "qrcode": {
            "hashes": [
                "sha256:375a6ff240ca9bd41adc070428b5dfc1dcfbb0f2507f1ac848f6cded38956578"
            ],
            "markers": "python_version >= '3.6'",
            "version": "==7.3.1"
        },
        "requests": {
            "hashes": [
                "sha256:7c5599b102feddaa661c826c56ab4fee28bfd17f5abca1ebbe3e7f19d7c97983",
                "sha256:8fefa2a1a1365bf5520aac41836fbee479da67864514bdb821f31ce07ce65349"
            ],
            "index": "pypi",
            "version": "==2.28.1"
        },
        "setuptools": {
            "hashes": [
                "sha256:d0b9a8433464d5800cbe05094acf5c6d52a91bfac9b52bcfc4d41382be5d5d31",
                "sha256:e197a19aa8ec9722928f2206f8de752def0e4c9fc6953527360d1c36d94ddb2f"
            ],
            "markers": "python_version >= '3.7'",
            "version": "==65.5.1"
        },
        "sqlparse": {
            "hashes": [
                "sha256:0323c0ec29cd52bceabc1b4d9d579e311f3e4961b98d174201d5622a23b85e34",
                "sha256:69ca804846bb114d2ec380e4360a8a340db83f0ccf3afceeb1404df028f57268"
            ],
            "markers": "python_version >= '3.5'",
            "version": "==0.4.3"
        },
        "tzdata": {
            "hashes": [
                "sha256:04a680bdc5b15750c39c12a448885a51134a27ec9af83667663f0b3a1bf3f342",
                "sha256:91f11db4503385928c15598c98573e3af07e7229181bee5375bd30f1695ddcae"
            ],
            "markers": "sys_platform == 'win32'",
            "version": "==2022.6"
        },
        "urllib3": {
            "hashes": [
                "sha256:3fa96cf423e6987997fc326ae8df396db2a8b7c667747d47ddd8ecba91f4a74e",
                "sha256:b930dd878d5a8afb066a637fbb35144fe7901e3b209d1cd4f524bd0e9deee997"
            ],
            "markers": "python_version >= '2.7' and python_version not in '3.0, 3.1, 3.2, 3.3, 3.4, 3.5' and python_version < '4'",
            "version": "==1.26.12"
        }
    },
    "develop": {}
}
